{
    "name": "jsondispatch",
    "version": "1.0.2",
    "lockfileVersion": 2,
    "requires": true,
    "packages": {
        "": {
            "name": "jsondispatch",
            "version": "1.0.2",
            "license": "gpl 3.0",
            "dependencies": {
                "checkerrorjs": "^1.0.1"
            }
        },
        "node_modules/checkerrorjs": {
            "version": "1.0.1",
            "resolved": "https://registry.npmjs.org/checkerrorjs/-/checkerrorjs-1.0.1.tgz",
            "integrity": "sha512-frdSvaJXh5vGyF5k9fjXIUTxZHZEbQMurzVhK2WjRIE9nzyiC9svYHQ9N2MchZwdCgrgWYJQsLo5HvW40aTJ+g=="
        }
    },
    "dependencies": {
        "checkerrorjs": {
            "version": "1.0.1",
            "resolved": "https://registry.npmjs.org/checkerrorjs/-/checkerrorjs-1.0.1.tgz",
            "integrity": "sha512-frdSvaJXh5vGyF5k9fjXIUTxZHZEbQMurzVhK2WjRIE9nzyiC9svYHQ9N2MchZwdCgrgWYJQsLo5HvW40aTJ+g=="
        }
    }
}
