{
    "name": "jsondispatch",
    "version": "1.0.2",
    "lockfileVersion": 2,
    "requires": true,
    "packages": {
        "": {
            "name": "jsondispatch",
            "version": "1.0.2",
            "license": "gpl 3.0",
            "dependencies": {
                "checkerrorjs": "^1.0.2"
            }
        },
        "node_modules/checkerrorjs": {
            "version": "1.0.2",
            "resolved": "https://registry.npmjs.org/checkerrorjs/-/checkerrorjs-1.0.2.tgz",
            "integrity": "sha512-ZV9aa0a3pbJTQc/9NSrFPm0CK/udRSGGBiaKHJGEFmSaLoE1FOmTq89Q9I71xEox2tECtR61/VpNuho316wBBw=="
        }
    },
    "dependencies": {
        "checkerrorjs": {
            "version": "1.0.2",
            "resolved": "https://registry.npmjs.org/checkerrorjs/-/checkerrorjs-1.0.2.tgz",
            "integrity": "sha512-ZV9aa0a3pbJTQc/9NSrFPm0CK/udRSGGBiaKHJGEFmSaLoE1FOmTq89Q9I71xEox2tECtR61/VpNuho316wBBw=="
        }
    }
}
