{
    "name": "jsondispatch",
    "version": "1.0.2",
    "lockfileVersion": 2,
    "requires": true,
    "packages": {
        "": {
            "name": "jsondispatch",
            "version": "1.0.2",
            "license": "gpl 3.0",
            "dependencies": {
                "checkerrorjs": "^1.0.2",
                "matrixreloadjs": "^1.0.1"
            }
        },
        "node_modules/checkerrorjs": {
            "version": "1.0.2",
            "resolved": "https://registry.npmjs.org/checkerrorjs/-/checkerrorjs-1.0.2.tgz",
            "integrity": "sha512-ZV9aa0a3pbJTQc/9NSrFPm0CK/udRSGGBiaKHJGEFmSaLoE1FOmTq89Q9I71xEox2tECtR61/VpNuho316wBBw=="
        },
        "node_modules/matrixreloadjs": {
            "version": "1.0.1",
            "resolved": "https://registry.npmjs.org/matrixreloadjs/-/matrixreloadjs-1.0.1.tgz",
            "integrity": "sha512-l0Io/TJjv9kS6HYSHUkX+r7uZL6gAOB/6nhDqJho9TbcDqJUOWBuLYM3inPaLK/73cxYpwM7OD7Ae3/vxB2FrQ=="
        }
    },
    "dependencies": {
        "checkerrorjs": {
            "version": "1.0.2",
            "resolved": "https://registry.npmjs.org/checkerrorjs/-/checkerrorjs-1.0.2.tgz",
            "integrity": "sha512-ZV9aa0a3pbJTQc/9NSrFPm0CK/udRSGGBiaKHJGEFmSaLoE1FOmTq89Q9I71xEox2tECtR61/VpNuho316wBBw=="
        },
        "matrixreloadjs": {
            "version": "1.0.1",
            "resolved": "https://registry.npmjs.org/matrixreloadjs/-/matrixreloadjs-1.0.1.tgz",
            "integrity": "sha512-l0Io/TJjv9kS6HYSHUkX+r7uZL6gAOB/6nhDqJho9TbcDqJUOWBuLYM3inPaLK/73cxYpwM7OD7Ae3/vxB2FrQ=="
        }
    }
}
